// !$*UTF8*$!
{
	archiveVersion = 1;
	classes = {
	};
	objectVersion = 50;
	objects = {

/* Begin PBXBuildFile section */
		950CD1AF21123F3C005EF7D2 /* AppDelegate.swift in Sources */ = {isa = PBXBuildFile; fileRef = 950CD1AE21123F3C005EF7D2 /* AppDelegate.swift */; };
		950CD1B421123F3C005EF7D2 /* Main.storyboard in Resources */ = {isa = PBXBuildFile; fileRef = 950CD1B221123F3C005EF7D2 /* Main.storyboard */; };
		950CD1B621123F3F005EF7D2 /* Assets.xcassets in Resources */ = {isa = PBXBuildFile; fileRef = 950CD1B521123F3F005EF7D2 /* Assets.xcassets */; };
		950CD1B921123F3F005EF7D2 /* LaunchScreen.storyboard in Resources */ = {isa = PBXBuildFile; fileRef = 950CD1B721123F3F005EF7D2 /* LaunchScreen.storyboard */; };
		950CD1C1211259C6005EF7D2 /* MapViewController.swift in Sources */ = {isa = PBXBuildFile; fileRef = 950CD1C0211259C6005EF7D2 /* MapViewController.swift */; };
		9549ACF021137AA400AD20EF /* MainViewController.swift in Sources */ = {isa = PBXBuildFile; fileRef = 9549ACEF21137AA400AD20EF /* MainViewController.swift */; };
		F51B106A37A6068D19713385 /* Pods_XMedic.framework in Frameworks */ = {isa = PBXBuildFile; fileRef = 05ED8ECED455169722C75090 /* Pods_XMedic.framework */; };
/* End PBXBuildFile section */

/* Begin PBXFileReference section */
		05ED8ECED455169722C75090 /* Pods_XMedic.framework */ = {isa = PBXFileReference; explicitFileType = wrapper.framework; includeInIndex = 0; path = Pods_XMedic.framework; sourceTree = BUILT_PRODUCTS_DIR; };
		950CD1AB21123F3C005EF7D2 /* XMedic.app */ = {isa = PBXFileReference; explicitFileType = wrapper.application; includeInIndex = 0; path = XMedic.app; sourceTree = BUILT_PRODUCTS_DIR; };
		950CD1AE21123F3C005EF7D2 /* AppDelegate.swift */ = {isa = PBXFileReference; lastKnownFileType = sourcecode.swift; path = AppDelegate.swift; sourceTree = "<group>"; };
		950CD1B321123F3C005EF7D2 /* Base */ = {isa = PBXFileReference; lastKnownFileType = file.storyboard; name = Base; path = Base.lproj/Main.storyboard; sourceTree = "<group>"; };
		950CD1B521123F3F005EF7D2 /* Assets.xcassets */ = {isa = PBXFileReference; lastKnownFileType = folder.assetcatalog; path = Assets.xcassets; sourceTree = "<group>"; };
		950CD1B821123F3F005EF7D2 /* Base */ = {isa = PBXFileReference; lastKnownFileType = file.storyboard; name = Base; path = Base.lproj/LaunchScreen.storyboard; sourceTree = "<group>"; };
		950CD1BA21123F3F005EF7D2 /* Info.plist */ = {isa = PBXFileReference; lastKnownFileType = text.plist.xml; path = Info.plist; sourceTree = "<group>"; };
		950CD1C0211259C6005EF7D2 /* MapViewController.swift */ = {isa = PBXFileReference; lastKnownFileType = sourcecode.swift; path = MapViewController.swift; sourceTree = "<group>"; };
		9549ACEF21137AA400AD20EF /* MainViewController.swift */ = {isa = PBXFileReference; lastKnownFileType = sourcecode.swift; path = MainViewController.swift; sourceTree = "<group>"; };
		AA79BA6C84F11DBFB520F548 /* Pods-XMedic.debug.xcconfig */ = {isa = PBXFileReference; includeInIndex = 1; lastKnownFileType = text.xcconfig; name = "Pods-XMedic.debug.xcconfig"; path = "Pods/Target Support Files/Pods-XMedic/Pods-XMedic.debug.xcconfig"; sourceTree = "<group>"; };
		AADC5885B62FEC1B5EA48A5B /* Pods-XMedic.release.xcconfig */ = {isa = PBXFileReference; includeInIndex = 1; lastKnownFileType = text.xcconfig; name = "Pods-XMedic.release.xcconfig"; path = "Pods/Target Support Files/Pods-XMedic/Pods-XMedic.release.xcconfig"; sourceTree = "<group>"; };
/* End PBXFileReference section */

/* Begin PBXFrameworksBuildPhase section */
		950CD1A821123F3C005EF7D2 /* Frameworks */ = {
			isa = PBXFrameworksBuildPhase;
			buildActionMask = 2147483647;
			files = (
				F51B106A37A6068D19713385 /* Pods_XMedic.framework in Frameworks */,
			);
			runOnlyForDeploymentPostprocessing = 0;
		};
/* End PBXFrameworksBuildPhase section */

/* Begin PBXGroup section */
		91CC0ECD75106AB08A8962A4 /* Pods */ = {
			isa = PBXGroup;
			children = (
				AA79BA6C84F11DBFB520F548 /* Pods-XMedic.debug.xcconfig */,
				AADC5885B62FEC1B5EA48A5B /* Pods-XMedic.release.xcconfig */,
			);
			name = Pods;
			sourceTree = "<group>";
		};
		950CD1A221123F3C005EF7D2 = {
			isa = PBXGroup;
			children = (
				950CD1AD21123F3C005EF7D2 /* XMedic */,
				950CD1AC21123F3C005EF7D2 /* Products */,
				91CC0ECD75106AB08A8962A4 /* Pods */,
				D3E4B3330118DF043757F50A /* Frameworks */,
			);
			sourceTree = "<group>";
		};
		950CD1AC21123F3C005EF7D2 /* Products */ = {
			isa = PBXGroup;
			children = (
				950CD1AB21123F3C005EF7D2 /* XMedic.app */,
			);
			name = Products;
			sourceTree = "<group>";
		};
		950CD1AD21123F3C005EF7D2 /* XMedic */ = {
			isa = PBXGroup;
			children = (
				950CD1AE21123F3C005EF7D2 /* AppDelegate.swift */,
				950CD1B221123F3C005EF7D2 /* Main.storyboard */,
				9549ACEF21137AA400AD20EF /* MainViewController.swift */,
				950CD1B521123F3F005EF7D2 /* Assets.xcassets */,
				950CD1B721123F3F005EF7D2 /* LaunchScreen.storyboard */,
				950CD1BA21123F3F005EF7D2 /* Info.plist */,
				950CD1C0211259C6005EF7D2 /* MapViewController.swift */,
			);
			path = XMedic;
			sourceTree = "<group>";
		};
		D3E4B3330118DF043757F50A /* Frameworks */ = {
			isa = PBXGroup;
			children = (
				05ED8ECED455169722C75090 /* Pods_XMedic.framework */,
			);
			name = Frameworks;
			sourceTree = "<group>";
		};
/* End PBXGroup section */

/* Begin PBXNativeTarget section */
		950CD1AA21123F3C005EF7D2 /* XMedic */ = {
			isa = PBXNativeTarget;
			buildConfigurationList = 950CD1BD21123F3F005EF7D2 /* Build configuration list for PBXNativeTarget "XMedic" */;
			buildPhases = (
				BC987C7417CD207C24987D36 /* [CP] Check Pods Manifest.lock */,
				950CD1A721123F3C005EF7D2 /* Sources */,
				950CD1A821123F3C005EF7D2 /* Frameworks */,
				950CD1A921123F3C005EF7D2 /* Resources */,
				0B77B8A0D09163341B8511C3 /* [CP] Copy Pods Resources */,
				60A2B2A237CE530DA3BE4F38 /* [CP] Embed Pods Frameworks */,
			);
			buildRules = (
			);
			dependencies = (
			);
			name = XMedic;
			productName = XMedic;
			productReference = 950CD1AB21123F3C005EF7D2 /* XMedic.app */;
			productType = "com.apple.product-type.application";
		};
/* End PBXNativeTarget section */

/* Begin PBXProject section */
		950CD1A321123F3C005EF7D2 /* Project object */ = {
			isa = PBXProject;
			attributes = {
				LastSwiftUpdateCheck = 0940;
				LastUpgradeCheck = 0940;
				ORGANIZATIONNAME = Brand;
				TargetAttributes = {
					950CD1AA21123F3C005EF7D2 = {
						CreatedOnToolsVersion = 9.4.1;
					};
				};
			};
			buildConfigurationList = 950CD1A621123F3C005EF7D2 /* Build configuration list for PBXProject "XMedic" */;
			compatibilityVersion = "Xcode 9.3";
			developmentRegion = en;
			hasScannedForEncodings = 0;
			knownRegions = (
				en,
				Base,
			);
			mainGroup = 950CD1A221123F3C005EF7D2;
			productRefGroup = 950CD1AC21123F3C005EF7D2 /* Products */;
			projectDirPath = "";
			projectRoot = "";
			targets = (
				950CD1AA21123F3C005EF7D2 /* XMedic */,
			);
		};
/* End PBXProject section */

/* Begin PBXResourcesBuildPhase section */
		950CD1A921123F3C005EF7D2 /* Resources */ = {
			isa = PBXResourcesBuildPhase;
			buildActionMask = 2147483647;
			files = (
				950CD1B921123F3F005EF7D2 /* LaunchScreen.storyboard in Resources */,
				950CD1B621123F3F005EF7D2 /* Assets.xcassets in Resources */,
				950CD1B421123F3C005EF7D2 /* Main.storyboard in Resources */,
			);
			runOnlyForDeploymentPostprocessing = 0;
		};
/* End PBXResourcesBuildPhase section */

/* Begin PBXShellScriptBuildPhase section */
		0B77B8A0D09163341B8511C3 /* [CP] Copy Pods Resources */ = {
			isa = PBXShellScriptBuildPhase;
			buildActionMask = 2147483647;
			files = (
			);
			inputPaths = (
				"${SRCROOT}/Pods/Target Support Files/Pods-XMedic/Pods-XMedic-resources.sh",
				"${PODS_ROOT}/GoogleMaps/Maps/Frameworks/GoogleMaps.framework/Resources/GoogleMaps.bundle",
			);
			name = "[CP] Copy Pods Resources";
			outputPaths = (
				"${TARGET_BUILD_DIR}/${UNLOCALIZED_RESOURCES_FOLDER_PATH}/GoogleMaps.bundle",
			);
			runOnlyForDeploymentPostprocessing = 0;
			shellPath = /bin/sh;
			shellScript = "\"${SRCROOT}/Pods/Target Support Files/Pods-XMedic/Pods-XMedic-resources.sh\"\n";
			showEnvVarsInLog = 0;
		};
		60A2B2A237CE530DA3BE4F38 /* [CP] Embed Pods Frameworks */ = {
			isa = PBXShellScriptBuildPhase;
			buildActionMask = 2147483647;
			files = (
			);
			inputPaths = (
				"${SRCROOT}/Pods/Target Support Files/Pods-XMedic/Pods-XMedic-frameworks.sh",
				"${BUILT_PRODUCTS_DIR}/EasyPeasy/EasyPeasy.framework",
				"${BUILT_PRODUCTS_DIR}/Fakery/Fakery.framework",
				"${BUILT_PRODUCTS_DIR}/Kingfisher/Kingfisher.framework",
			);
			name = "[CP] Embed Pods Frameworks";
			outputPaths = (
				"${TARGET_BUILD_DIR}/${FRAMEWORKS_FOLDER_PATH}/EasyPeasy.framework",
				"${TARGET_BUILD_DIR}/${FRAMEWORKS_FOLDER_PATH}/Fakery.framework",
				"${TARGET_BUILD_DIR}/${FRAMEWORKS_FOLDER_PATH}/Kingfisher.framework",
			);
			runOnlyForDeploymentPostprocessing = 0;
			shellPath = /bin/sh;
			shellScript = "\"${SRCROOT}/Pods/Target Support Files/Pods-XMedic/Pods-XMedic-frameworks.sh\"\n";
			showEnvVarsInLog = 0;
		};
		BC987C7417CD207C24987D36 /* [CP] Check Pods Manifest.lock */ = {
			isa = PBXShellScriptBuildPhase;
			buildActionMask = 2147483647;
			files = (
			);
			inputPaths = (
				"${PODS_PODFILE_DIR_PATH}/Podfile.lock",
				"${PODS_ROOT}/Manifest.lock",
			);
			name = "[CP] Check Pods Manifest.lock";
			outputPaths = (
				"$(DERIVED_FILE_DIR)/Pods-XMedic-checkManifestLockResult.txt",
			);
			runOnlyForDeploymentPostprocessing = 0;
			shellPath = /bin/sh;
			shellScript = "diff \"${PODS_PODFILE_DIR_PATH}/Podfile.lock\" \"${PODS_ROOT}/Manifest.lock\" > /dev/null\nif [ $? != 0 ] ; then\n    # print error to STDERR\n    echo \"error: The sandbox is not in sync with the Podfile.lock. Run 'pod install' or update your CocoaPods installation.\" >&2\n    exit 1\nfi\n# This output is used by Xcode 'outputs' to avoid re-running this script phase.\necho \"SUCCESS\" > \"${SCRIPT_OUTPUT_FILE_0}\"\n";
			showEnvVarsInLog = 0;
		};
/* End PBXShellScriptBuildPhase section */

/* Begin PBXSourcesBuildPhase section */
		950CD1A721123F3C005EF7D2 /* Sources */ = {
			isa = PBXSourcesBuildPhase;
			buildActionMask = 2147483647;
			files = (
				950CD1C1211259C6005EF7D2 /* MapViewController.swift in Sources */,
				950CD1AF21123F3C005EF7D2 /* AppDelegate.swift in Sources */,
				9549ACF021137AA400AD20EF /* MainViewController.swift in Sources */,
			);
			runOnlyForDeploymentPostprocessing = 0;
		};
/* End PBXSourcesBuildPhase section */

/* Begin PBXVariantGroup section */
		950CD1B221123F3C005EF7D2 /* Main.storyboard */ = {
			isa = PBXVariantGroup;
			children = (
				950CD1B321123F3C005EF7D2 /* Base */,
			);
			name = Main.storyboard;
			sourceTree = "<group>";
		};
		950CD1B721123F3F005EF7D2 /* LaunchScreen.storyboard */ = {
			isa = PBXVariantGroup;
			children = (
				950CD1B821123F3F005EF7D2 /* Base */,
			);
			name = LaunchScreen.storyboard;
			sourceTree = "<group>";
		};
/* End PBXVariantGroup section */

/* Begin XCBuildConfiguration section */
		950CD1BB21123F3F005EF7D2 /* Debug */ = {
			isa = XCBuildConfiguration;
			buildSettings = {
				ALWAYS_SEARCH_USER_PATHS = NO;
				CLANG_ANALYZER_NONNULL = YES;
				CLANG_ANALYZER_NUMBER_OBJECT_CONVERSION = YES_AGGRESSIVE;
				CLANG_CXX_LANGUAGE_STANDARD = "gnu++14";
				CLANG_CXX_LIBRARY = "libc++";
				CLANG_ENABLE_MODULES = YES;
				CLANG_ENABLE_OBJC_ARC = YES;
				CLANG_ENABLE_OBJC_WEAK = YES;
				CLANG_WARN_BLOCK_CAPTURE_AUTORELEASING = YES;
				CLANG_WARN_BOOL_CONVERSION = YES;
				CLANG_WARN_COMMA = YES;
				CLANG_WARN_CONSTANT_CONVERSION = YES;
				CLANG_WARN_DEPRECATED_OBJC_IMPLEMENTATIONS = YES;
				CLANG_WARN_DIRECT_OBJC_ISA_USAGE = YES_ERROR;
				CLANG_WARN_DOCUMENTATION_COMMENTS = YES;
				CLANG_WARN_EMPTY_BODY = YES;
				CLANG_WARN_ENUM_CONVERSION = YES;
				CLANG_WARN_INFINITE_RECURSION = YES;
				CLANG_WARN_INT_CONVERSION = YES;
				CLANG_WARN_NON_LITERAL_NULL_CONVERSION = YES;
				CLANG_WARN_OBJC_IMPLICIT_RETAIN_SELF = YES;
				CLANG_WARN_OBJC_LITERAL_CONVERSION = YES;
				CLANG_WARN_OBJC_ROOT_CLASS = YES_ERROR;
				CLANG_WARN_RANGE_LOOP_ANALYSIS = YES;
				CLANG_WARN_STRICT_PROTOTYPES = YES;
				CLANG_WARN_SUSPICIOUS_MOVE = YES;
				CLANG_WARN_UNGUARDED_AVAILABILITY = YES_AGGRESSIVE;
				CLANG_WARN_UNREACHABLE_CODE = YES;
				CLANG_WARN__DUPLICATE_METHOD_MATCH = YES;
				CODE_SIGN_IDENTITY = "iPhone Developer";
				COPY_PHASE_STRIP = NO;
				DEBUG_INFORMATION_FORMAT = dwarf;
				ENABLE_STRICT_OBJC_MSGSEND = YES;
				ENABLE_TESTABILITY = YES;
				GCC_C_LANGUAGE_STANDARD = gnu11;
				GCC_DYNAMIC_NO_PIC = NO;
				GCC_NO_COMMON_BLOCKS = YES;
				GCC_OPTIMIZATION_LEVEL = 0;
				GCC_PREPROCESSOR_DEFINITIONS = (
					"DEBUG=1",
					"$(inherited)",
				);
				GCC_WARN_64_TO_32_BIT_CONVERSION = YES;
				GCC_WARN_ABOUT_RETURN_TYPE = YES_ERROR;
				GCC_WARN_UNDECLARED_SELECTOR = YES;
				GCC_WARN_UNINITIALIZED_AUTOS = YES_AGGRESSIVE;
				GCC_WARN_UNUSED_FUNCTION = YES;
				GCC_WARN_UNUSED_VARIABLE = YES;
				IPHONEOS_DEPLOYMENT_TARGET = 11.4;
				MTL_ENABLE_DEBUG_INFO = YES;
				ONLY_ACTIVE_ARCH = YES;
				SDKROOT = iphoneos;
				SWIFT_ACTIVE_COMPILATION_CONDITIONS = DEBUG;
				SWIFT_OPTIMIZATION_LEVEL = "-Onone";
			};
			name = Debug;
		};
		950CD1BC21123F3F005EF7D2 /* Release */ = {
			isa = XCBuildConfiguration;
			buildSettings = {
				ALWAYS_SEARCH_USER_PATHS = NO;
				CLANG_ANALYZER_NONNULL = YES;
				CLANG_ANALYZER_NUMBER_OBJECT_CONVERSION = YES_AGGRESSIVE;
				CLANG_CXX_LANGUAGE_STANDARD = "gnu++14";
				CLANG_CXX_LIBRARY = "libc++";
				CLANG_ENABLE_MODULES = YES;
				CLANG_ENABLE_OBJC_ARC = YES;
				CLANG_ENABLE_OBJC_WEAK = YES;
				CLANG_WARN_BLOCK_CAPTURE_AUTORELEASING = YES;
				CLANG_WARN_BOOL_CONVERSION = YES;
				CLANG_WARN_COMMA = YES;
				CLANG_WARN_CONSTANT_CONVERSION = YES;
				CLANG_WARN_DEPRECATED_OBJC_IMPLEMENTATIONS = YES;
				CLANG_WARN_DIRECT_OBJC_ISA_USAGE = YES_ERROR;
				CLANG_WARN_DOCUMENTATION_COMMENTS = YES;
				CLANG_WARN_EMPTY_BODY = YES;
				CLANG_WARN_ENUM_CONVERSION = YES;
				CLANG_WARN_INFINITE_RECURSION = YES;
				CLANG_WARN_INT_CONVERSION = YES;
				CLANG_WARN_NON_LITERAL_NULL_CONVERSION = YES;
				CLANG_WARN_OBJC_IMPLICIT_RETAIN_SELF = YES;
				CLANG_WARN_OBJC_LITERAL_CONVERSION = YES;
				CLANG_WARN_OBJC_ROOT_CLASS = YES_ERROR;
				CLANG_WARN_RANGE_LOOP_ANALYSIS = YES;
				CLANG_WARN_STRICT_PROTOTYPES = YES;
				CLANG_WARN_SUSPICIOUS_MOVE = YES;
				CLANG_WARN_UNGUARDED_AVAILABILITY = YES_AGGRESSIVE;
				CLANG_WARN_UNREACHABLE_CODE = YES;
				CLANG_WARN__DUPLICATE_METHOD_MATCH = YES;
				CODE_SIGN_IDENTITY = "iPhone Developer";
				COPY_PHASE_STRIP = NO;
				DEBUG_INFORMATION_FORMAT = "dwarf-with-dsym";
				ENABLE_NS_ASSERTIONS = NO;
				ENABLE_STRICT_OBJC_MSGSEND = YES;
				GCC_C_LANGUAGE_STANDARD = gnu11;
				GCC_NO_COMMON_BLOCKS = YES;
				GCC_WARN_64_TO_32_BIT_CONVERSION = YES;
				GCC_WARN_ABOUT_RETURN_TYPE = YES_ERROR;
				GCC_WARN_UNDECLARED_SELECTOR = YES;
				GCC_WARN_UNINITIALIZED_AUTOS = YES_AGGRESSIVE;
				GCC_WARN_UNUSED_FUNCTION = YES;
				GCC_WARN_UNUSED_VARIABLE = YES;
				IPHONEOS_DEPLOYMENT_TARGET = 11.4;
				MTL_ENABLE_DEBUG_INFO = NO;
				SDKROOT = iphoneos;
				SWIFT_COMPILATION_MODE = wholemodule;
				SWIFT_OPTIMIZATION_LEVEL = "-O";
				VALIDATE_PRODUCT = YES;
			};
			name = Release;
		};
		950CD1BE21123F3F005EF7D2 /* Debug */ = {
			isa = XCBuildConfiguration;
			baseConfigurationReference = AA79BA6C84F11DBFB520F548 /* Pods-XMedic.debug.xcconfig */;
			buildSettings = {
				ASSETCATALOG_COMPILER_APPICON_NAME = AppIcon;
				CODE_SIGN_STYLE = Automatic;
				DEVELOPMENT_TEAM = 95NR7L3E3M;
				INFOPLIST_FILE = XMedic/Info.plist;
				IPHONEOS_DEPLOYMENT_TARGET = 11.0;
				LD_RUNPATH_SEARCH_PATHS = (
					"$(inherited)",
					"@executable_path/Frameworks",
				);
				PRODUCT_BUNDLE_IDENTIFIER = com.oraini.UIApp;
				PRODUCT_NAME = "$(TARGET_NAME)";
				SWIFT_VERSION = 4.0;
				TARGETED_DEVICE_FAMILY = "1,2";
			};
			name = Debug;
		};
		950CD1BF21123F3F005EF7D2 /* Release */ = {
			isa = XCBuildConfiguration;
			baseConfigurationReference = AADC5885B62FEC1B5EA48A5B /* Pods-XMedic.release.xcconfig */;
			buildSettings = {
				ASSETCATALOG_COMPILER_APPICON_NAME = AppIcon;
				CODE_SIGN_STYLE = Automatic;
				DEVELOPMENT_TEAM = 95NR7L3E3M;
				INFOPLIST_FILE = XMedic/Info.plist;
				IPHONEOS_DEPLOYMENT_TARGET = 11.0;
				LD_RUNPATH_SEARCH_PATHS = (
					"$(inherited)",
					"@executable_path/Frameworks",
				);
				PRODUCT_BUNDLE_IDENTIFIER = com.oraini.UIApp;
				PRODUCT_NAME = "$(TARGET_NAME)";
				SWIFT_VERSION = 4.0;
				TARGETED_DEVICE_FAMILY = "1,2";
			};
			name = Release;
		};
/* End XCBuildConfiguration section */

/* Begin XCConfigurationList section */
		950CD1A621123F3C005EF7D2 /* Build configuration list for PBXProject "XMedic" */ = {
			isa = XCConfigurationList;
			buildConfigurations = (
				950CD1BB21123F3F005EF7D2 /* Debug */,
				950CD1BC21123F3F005EF7D2 /* Release */,
			);
			defaultConfigurationIsVisible = 0;
			defaultConfigurationName = Release;
		};
		950CD1BD21123F3F005EF7D2 /* Build configuration list for PBXNativeTarget "XMedic" */ = {
			isa = XCConfigurationList;
			buildConfigurations = (
				950CD1BE21123F3F005EF7D2 /* Debug */,
				950CD1BF21123F3F005EF7D2 /* Release */,
			);
			defaultConfigurationIsVisible = 0;
			defaultConfigurationName = Release;
		};
/* End XCConfigurationList section */
	};
	rootObject = 950CD1A321123F3C005EF7D2 /* Project object */;
}
